
Microsoft Visual Studio Solution File, Format Version 12.00
# Visual Studio Version 17
VisualStudioVersion = 17.4.33213.308
MinimumVisualStudioVersion = 10.0.40219.1
Project("{9A19103F-16F7-4668-BE54-9A1E7A4F7556}") = "PocoBuilder", "PocoBuilder\PocoBuilder.csproj", "{40C1FCC5-6DB5-404D-896F-990963CCA667}"
EndProject
Project("{9A19103F-16F7-4668-BE54-9A1E7A4F7556}") = "PocoBuilder.Tests", "PocoBuilder.Tests\PocoBuilder.Tests.csproj", "{464FA001-A15B-4A1E-BCCA-FAE9F42ED866}"
EndProject
Global
	GlobalSection(SolutionConfigurationPlatforms) = preSolution
		Debug|Any CPU = Debug|Any CPU
		Release|Any CPU = Release|Any CPU
	EndGlobalSection
	GlobalSection(ProjectConfigurationPlatforms) = postSolution
		{40C1FCC5-6DB5-404D-896F-990963CCA667}.Debug|Any CPU.ActiveCfg = Debug|Any CPU
		{40C1FCC5-6DB5-404D-896F-990963CCA667}.Debug|Any CPU.Build.0 = Debug|Any CPU
		{40C1FCC5-6DB5-404D-896F-990963CCA667}.Release|Any CPU.ActiveCfg = Release|Any CPU
		{40C1FCC5-6DB5-404D-896F-990963CCA667}.Release|Any CPU.Build.0 = Release|Any CPU
		{464FA001-A15B-4A1E-BCCA-FAE9F42ED866}.Debug|Any CPU.ActiveCfg = Debug|Any CPU
		{464FA001-A15B-4A1E-BCCA-FAE9F42ED866}.Debug|Any CPU.Build.0 = Debug|Any CPU
		{464FA001-A15B-4A1E-BCCA-FAE9F42ED866}.Release|Any CPU.ActiveCfg = Release|Any CPU
		{464FA001-A15B-4A1E-BCCA-FAE9F42ED866}.Release|Any CPU.Build.0 = Release|Any CPU
	EndGlobalSection
	GlobalSection(SolutionProperties) = preSolution
		HideSolutionNode = FALSE
	EndGlobalSection
	GlobalSection(ExtensibilityGlobals) = postSolution
		SolutionGuid = {72658D88-ED3D-4652-8CB9-75B1697238FF}
	EndGlobalSection
EndGlobal
